# This file is automatically @generated by Cargo.
# It is not intended for manual editing.
version = 4

[[package]]
name = "bitflags"
version = "2.10.0"
source = "registry+https://github.com/rust-lang/crates.io-index"
checksum = "812e12b5285cc515a9c72a5c1d3b6d46a19dac5acfef5265968c166106e31dd3"

[[package]]
name = "libm"
version = "0.2.15"
source = "registry+https://github.com/rust-lang/crates.io-index"
checksum = "f9fbbcab51052fe104eb5e5d351cf728d30a5be1fe14d9be8a3b097481fb97de"

[[package]]
name = "spin"
version = "0.9.8"
source = "registry+https://github.com/rust-lang/crates.io-index"
checksum = "6980e8d7511241f8acf4aebddbb1ff938df5eebe98691418c4468d0b72a96a67"

[[package]]
name = "wasmi"
version = "1.0.0"
source = "git+https://github.com/wasmi-labs/wasmi#d03aae1e0c5920ec4c86be60e10a43d472564d47"
dependencies = [
 "spin",
 "wasmi_collections",
 "wasmi_core",
 "wasmi_ir",
 "wasmparser",
]

[[package]]
name = "wasmi-daisy"
version = "0.1.0"
dependencies = [
 "spin",
 "wasmi",
]

[[package]]
name = "wasmi_collections"
version = "1.0.0"
source = "git+https://github.com/wasmi-labs/wasmi#d03aae1e0c5920ec4c86be60e10a43d472564d47"

[[package]]
name = "wasmi_core"
version = "1.0.0"
source = "git+https://github.com/wasmi-labs/wasmi#d03aae1e0c5920ec4c86be60e10a43d472564d47"
dependencies = [
 "libm",
]

[[package]]
name = "wasmi_ir"
version = "1.0.0"
source = "git+https://github.com/wasmi-labs/wasmi#d03aae1e0c5920ec4c86be60e10a43d472564d47"
dependencies = [
 "wasmi_core",
]

[[package]]
name = "wasmparser"
version = "0.228.0"
source = "registry+https://github.com/rust-lang/crates.io-index"
checksum = "4abf1132c1fdf747d56bbc1bb52152400c70f336870f968b85e89ea422198ae3"
dependencies = [
 "bitflags",
]
